Microsoft Visual Studio Solution File, Format Version 11.00
# Visual Studio 2008

Project("{E1DFA005-5CA6-45A5-384A-B6EC5DFE8E30}") = "Procedural Caves", "Assembly-CSharp.csproj", "{C6210458-9098-F005-C3FA-C95C487CE077}"
EndProject
Global
	GlobalSection(SolutionConfigurationPlatforms) = preSolution
		Debug|Any CPU = Debug|Any CPU
		Release|Any CPU = Release|Any CPU
	EndGlobalSection
	GlobalSection(ProjectConfigurationPlatforms) = postSolution
		{C6210458-9098-F005-C3FA-C95C487CE077}.Debug|Any CPU.ActiveCfg = Debug|Any CPU
		{C6210458-9098-F005-C3FA-C95C487CE077}.Debug|Any CPU.Build.0 = Debug|Any CPU
		{C6210458-9098-F005-C3FA-C95C487CE077}.Release|Any CPU.ActiveCfg = Release|Any CPU
		{C6210458-9098-F005-C3FA-C95C487CE077}.Release|Any CPU.Build.0 = Release|Any CPU
	EndGlobalSection
	GlobalSection(SolutionProperties) = preSolution
		HideSolutionNode = FALSE
	EndGlobalSection
	GlobalSection(MonoDevelopProperties) = preSolution
		StartupItem = Assembly-CSharp.csproj
	EndGlobalSection
EndGlobal
